
Microsoft Visual Studio Solution File, Format Version 12.00
# Visual Studio 15
VisualStudioVersion = 15.0.34031.82
MinimumVisualStudioVersion = 10.0.40219.1
Project("{8BC9CEB8-8B4A-11D0-8D11-00A0C91BC942}") = "OS2", "OS2\OS2.vcxproj", "{E4C39FF3-691E-4FDB-AB40-18EE6D959E8E}"
EndProject
Global
	GlobalSection(SolutionConfigurationPlatforms) = preSolution
		Debug|x64 = Debug|x64
		Debug|x86 = Debug|x86
		Release|x64 = Release|x64
		Release|x86 = Release|x86
	EndGlobalSection
	GlobalSection(ProjectConfigurationPlatforms) = postSolution
		{E4C39FF3-691E-4FDB-AB40-18EE6D959E8E}.Debug|x64.ActiveCfg = Debug|x64
		{E4C39FF3-691E-4FDB-AB40-18EE6D959E8E}.Debug|x64.Build.0 = Debug|x64
		{E4C39FF3-691E-4FDB-AB40-18EE6D959E8E}.Debug|x86.ActiveCfg = Debug|Win32
		{E4C39FF3-691E-4FDB-AB40-18EE6D959E8E}.Debug|x86.Build.0 = Debug|Win32
		{E4C39FF3-691E-4FDB-AB40-18EE6D959E8E}.Release|x64.ActiveCfg = Release|x64
		{E4C39FF3-691E-4FDB-AB40-18EE6D959E8E}.Release|x64.Build.0 = Release|x64
		{E4C39FF3-691E-4FDB-AB40-18EE6D959E8E}.Release|x86.ActiveCfg = Release|Win32
		{E4C39FF3-691E-4FDB-AB40-18EE6D959E8E}.Release|x86.Build.0 = Release|Win32
	EndGlobalSection
	GlobalSection(SolutionProperties) = preSolution
		HideSolutionNode = FALSE
	EndGlobalSection
	GlobalSection(ExtensibilityGlobals) = postSolution
		SolutionGuid = {18E44E40-8179-49D3-8FA1-B9001B23969D}
	EndGlobalSection
EndGlobal
